
Microsoft Visual Studio Solution File, Format Version 12.00
# Visual Studio 14
VisualStudioVersion = 14.0.25420.1
MinimumVisualStudioVersion = 10.0.40219.1
Project("{FAE04EC0-301F-11D3-BF4B-00C04F79EFBC}") = "SampApp", "SampApp\SampApp\SampApp.csproj", "{4EF9132E-75F1-47F6-9288-D19E49D4130C}"
EndProject
Project("{FAE04EC0-301F-11D3-BF4B-00C04F79EFBC}") = "SampApp.Droid", "SampApp\SampApp.Droid\SampApp.Droid.csproj", "{B56D6661-B3E3-408D-A237-46BC10644F28}"
EndProject
Project("{FAE04EC0-301F-11D3-BF4B-00C04F79EFBC}") = "SampApp.iOS", "SampApp\SampApp.iOS\SampApp.iOS.csproj", "{A490098A-F63C-48B2-B113-F0E66D8CF00B}"
EndProject
Project("{FAE04EC0-301F-11D3-BF4B-00C04F79EFBC}") = "SampApp.WinPhone", "SampApp\SampApp.WinPhone\SampApp.WinPhone.csproj", "{EBFB9851-2385-4426-A240-51251803B3FA}"
EndProject
Project("{FAE04EC0-301F-11D3-BF4B-00C04F79EFBC}") = "SampApp.UWP", "SampApp\SampApp.UWP\SampApp.UWP.csproj", "{31F5C85D-8ACF-436E-AC9A-06B73870DA54}"
EndProject
Project("{FAE04EC0-301F-11D3-BF4B-00C04F79EFBC}") = "SampApp.Windows", "SampApp\SampApp.Windows\SampApp.Windows.csproj", "{D151AF2F-E43B-4D7D-A1CE-9A1CFC9BFD0D}"
EndProject
Global
	GlobalSection(SolutionConfigurationPlatforms) = preSolution
		Ad-Hoc|Any CPU = Ad-Hoc|Any CPU
		Ad-Hoc|ARM = Ad-Hoc|ARM
		Ad-Hoc|iPhone = Ad-Hoc|iPhone
		Ad-Hoc|iPhoneSimulator = Ad-Hoc|iPhoneSimulator
		Ad-Hoc|x64 = Ad-Hoc|x64
		Ad-Hoc|x86 = Ad-Hoc|x86
		AppStore|Any CPU = AppStore|Any CPU
		AppStore|ARM = AppStore|ARM
		AppStore|iPhone = AppStore|iPhone
		AppStore|iPhoneSimulator = AppStore|iPhoneSimulator
		AppStore|x64 = AppStore|x64
		AppStore|x86 = AppStore|x86
		Debug|Any CPU = Debug|Any CPU
		Debug|ARM = Debug|ARM
		Debug|iPhone = Debug|iPhone
		Debug|iPhoneSimulator = Debug|iPhoneSimulator
		Debug|x64 = Debug|x64
		Debug|x86 = Debug|x86
		Release|Any CPU = Release|Any CPU
		Release|ARM = Release|ARM
		Release|iPhone = Release|iPhone
		Release|iPhoneSimulator = Release|iPhoneSimulator
		Release|x64 = Release|x64
		Release|x86 = Release|x86
	EndGlobalSection
	GlobalSection(ProjectConfigurationPlatforms) = postSolution
		{4EF9132E-75F1-47F6-9288-D19E49D4130C}.Ad-Hoc|Any CPU.ActiveCfg = Release|Any CPU
		{4EF9132E-75F1-47F6-9288-D19E49D4130C}.Ad-Hoc|Any CPU.Build.0 = Release|Any CPU
		{4EF9132E-75F1-47F6-9288-D19E49D4130C}.Ad-Hoc|ARM.ActiveCfg = Release|Any CPU
		{4EF9132E-75F1-47F6-9288-D19E49D4130C}.Ad-Hoc|ARM.Build.0 = Release|Any CPU
		{4EF9132E-75F1-47F6-9288-D19E49D4130C}.Ad-Hoc|iPhone.ActiveCfg = Release|Any CPU
		{4EF9132E-75F1-47F6-9288-D19E49D4130C}.Ad-Hoc|iPhone.Build.0 = Release|Any CPU
		{4EF9132E-75F1-47F6-9288-D19E49D4130C}.Ad-Hoc|iPhoneSimulator.ActiveCfg = Release|Any CPU
		{4EF9132E-75F1-47F6-9288-D19E49D4130C}.Ad-Hoc|iPhoneSimulator.Build.0 = Release|Any CPU
		{4EF9132E-75F1-47F6-9288-D19E49D4130C}.Ad-Hoc|x64.ActiveCfg = Release|Any CPU
		{4EF9132E-75F1-47F6-9288-D19E49D4130C}.Ad-Hoc|x64.Build.0 = Release|Any CPU
		{4EF9132E-75F1-47F6-9288-D19E49D4130C}.Ad-Hoc|x86.ActiveCfg = Release|Any CPU
		{4EF9132E-75F1-47F6-9288-D19E49D4130C}.Ad-Hoc|x86.Build.0 = Release|Any CPU
		{4EF9132E-75F1-47F6-9288-D19E49D4130C}.AppStore|Any CPU.ActiveCfg = Release|Any CPU
		{4EF9132E-75F1-47F6-9288-D19E49D4130C}.AppStore|Any CPU.Build.0 = Release|Any CPU
		{4EF9132E-75F1-47F6-9288-D19E49D4130C}.AppStore|ARM.ActiveCfg = Release|Any CPU
		{4EF9132E-75F1-47F6-9288-D19E49D4130C}.AppStore|ARM.Build.0 = Release|Any CPU
		{4EF9132E-75F1-47F6-9288-D19E49D4130C}.AppStore|iPhone.ActiveCfg = Release|Any CPU
		{4EF9132E-75F1-47F6-9288-D19E49D4130C}.AppStore|iPhone.Build.0 = Release|Any CPU
		{4EF9132E-75F1-47F6-9288-D19E49D4130C}.AppStore|iPhoneSimulator.ActiveCfg = Release|Any CPU
		{4EF9132E-75F1-47F6-9288-D19E49D4130C}.AppStore|iPhoneSimulator.Build.0 = Release|Any CPU
		{4EF9132E-75F1-47F6-9288-D19E49D4130C}.AppStore|x64.ActiveCfg = Release|Any CPU
		{4EF9132E-75F1-47F6-9288-D19E49D4130C}.AppStore|x64.Build.0 = Release|Any CPU
		{4EF9132E-75F1-47F6-9288-D19E49D4130C}.AppStore|x86.ActiveCfg = Release|Any CPU
		{4EF9132E-75F1-47F6-9288-D19E49D4130C}.AppStore|x86.Build.0 = Release|Any CPU
		{4EF9132E-75F1-47F6-9288-D19E49D4130C}.Debug|Any CPU.ActiveCfg = Debug|Any CPU
		{4EF9132E-75F1-47F6-9288-D19E49D4130C}.Debug|Any CPU.Build.0 = Debug|Any CPU
		{4EF9132E-75F1-47F6-9288-D19E49D4130C}.Debug|ARM.ActiveCfg = Debug|Any CPU
		{4EF9132E-75F1-47F6-9288-D19E49D4130C}.Debug|ARM.Build.0 = Debug|Any CPU
		{4EF9132E-75F1-47F6-9288-D19E49D4130C}.Debug|iPhone.ActiveCfg = Debug|Any CPU
		{4EF9132E-75F1-47F6-9288-D19E49D4130C}.Debug|iPhone.Build.0 = Debug|Any CPU
		{4EF9132E-75F1-47F6-9288-D19E49D4130C}.Debug|iPhoneSimulator.ActiveCfg = Debug|Any CPU
		{4EF9132E-75F1-47F6-9288-D19E49D4130C}.Debug|iPhoneSimulator.Build.0 = Debug|Any CPU
		{4EF9132E-75F1-47F6-9288-D19E49D4130C}.Debug|x64.ActiveCfg = Debug|Any CPU
		{4EF9132E-75F1-47F6-9288-D19E49D4130C}.Debug|x64.Build.0 = Debug|Any CPU
		{4EF9132E-75F1-47F6-9288-D19E49D4130C}.Debug|x86.ActiveCfg = Debug|Any CPU
		{4EF9132E-75F1-47F6-9288-D19E49D4130C}.Debug|x86.Build.0 = Debug|Any CPU
		{4EF9132E-75F1-47F6-9288-D19E49D4130C}.Release|Any CPU.ActiveCfg = Release|Any CPU
		{4EF9132E-75F1-47F6-9288-D19E49D4130C}.Release|Any CPU.Build.0 = Release|Any CPU
		{4EF9132E-75F1-47F6-9288-D19E49D4130C}.Release|ARM.ActiveCfg = Release|Any CPU
		{4EF9132E-75F1-47F6-9288-D19E49D4130C}.Release|ARM.Build.0 = Release|Any CPU
		{4EF9132E-75F1-47F6-9288-D19E49D4130C}.Release|iPhone.ActiveCfg = Release|Any CPU
		{4EF9132E-75F1-47F6-9288-D19E49D4130C}.Release|iPhone.Build.0 = Release|Any CPU
		{4EF9132E-75F1-47F6-9288-D19E49D4130C}.Release|iPhoneSimulator.ActiveCfg = Release|Any CPU
		{4EF9132E-75F1-47F6-9288-D19E49D4130C}.Release|iPhoneSimulator.Build.0 = Release|Any CPU
		{4EF9132E-75F1-47F6-9288-D19E49D4130C}.Release|x64.ActiveCfg = Release|Any CPU
		{4EF9132E-75F1-47F6-9288-D19E49D4130C}.Release|x64.Build.0 = Release|Any CPU
		{4EF9132E-75F1-47F6-9288-D19E49D4130C}.Release|x86.ActiveCfg = Release|Any CPU
		{4EF9132E-75F1-47F6-9288-D19E49D4130C}.Release|x86.Build.0 = Release|Any CPU
		{B56D6661-B3E3-408D-A237-46BC10644F28}.Ad-Hoc|Any CPU.ActiveCfg = Release|Any CPU
		{B56D6661-B3E3-408D-A237-46BC10644F28}.Ad-Hoc|Any CPU.Build.0 = Release|Any CPU
		{B56D6661-B3E3-408D-A237-46BC10644F28}.Ad-Hoc|Any CPU.Deploy.0 = Release|Any CPU
		{B56D6661-B3E3-408D-A237-46BC10644F28}.Ad-Hoc|ARM.ActiveCfg = Release|Any CPU
		{B56D6661-B3E3-408D-A237-46BC10644F28}.Ad-Hoc|ARM.Build.0 = Release|Any CPU
		{B56D6661-B3E3-408D-A237-46BC10644F28}.Ad-Hoc|ARM.Deploy.0 = Release|Any CPU
		{B56D6661-B3E3-408D-A237-46BC10644F28}.Ad-Hoc|iPhone.ActiveCfg = Release|Any CPU
		{B56D6661-B3E3-408D-A237-46BC10644F28}.Ad-Hoc|iPhone.Build.0 = Release|Any CPU
		{B56D6661-B3E3-408D-A237-46BC10644F28}.Ad-Hoc|iPhone.Deploy.0 = Release|Any CPU
		{B56D6661-B3E3-408D-A237-46BC10644F28}.Ad-Hoc|iPhoneSimulator.ActiveCfg = Release|Any CPU
		{B56D6661-B3E3-408D-A237-46BC10644F28}.Ad-Hoc|iPhoneSimulator.Build.0 = Release|Any CPU
		{B56D6661-B3E3-408D-A237-46BC10644F28}.Ad-Hoc|iPhoneSimulator.Deploy.0 = Release|Any CPU
		{B56D6661-B3E3-408D-A237-46BC10644F28}.Ad-Hoc|x64.ActiveCfg = Release|Any CPU
		{B56D6661-B3E3-408D-A237-46BC10644F28}.Ad-Hoc|x64.Build.0 = Release|Any CPU
		{B56D6661-B3E3-408D-A237-46BC10644F28}.Ad-Hoc|x64.Deploy.0 = Release|Any CPU
		{B56D6661-B3E3-408D-A237-46BC10644F28}.Ad-Hoc|x86.ActiveCfg = Release|Any CPU
		{B56D6661-B3E3-408D-A237-46BC10644F28}.Ad-Hoc|x86.Build.0 = Release|Any CPU
		{B56D6661-B3E3-408D-A237-46BC10644F28}.Ad-Hoc|x86.Deploy.0 = Release|Any CPU
		{B56D6661-B3E3-408D-A237-46BC10644F28}.AppStore|Any CPU.ActiveCfg = Release|Any CPU
		{B56D6661-B3E3-408D-A237-46BC10644F28}.AppStore|Any CPU.Build.0 = Release|Any CPU
		{B56D6661-B3E3-408D-A237-46BC10644F28}.AppStore|Any CPU.Deploy.0 = Release|Any CPU
		{B56D6661-B3E3-408D-A237-46BC10644F28}.AppStore|ARM.ActiveCfg = Release|Any CPU
		{B56D6661-B3E3-408D-A237-46BC10644F28}.AppStore|ARM.Build.0 = Release|Any CPU
		{B56D6661-B3E3-408D-A237-46BC10644F28}.AppStore|ARM.Deploy.0 = Release|Any CPU
		{B56D6661-B3E3-408D-A237-46BC10644F28}.AppStore|iPhone.ActiveCfg = Release|Any CPU
		{B56D6661-B3E3-408D-A237-46BC10644F28}.AppStore|iPhone.Build.0 = Release|Any CPU
		{B56D6661-B3E3-408D-A237-46BC10644F28}.AppStore|iPhone.Deploy.0 = Release|Any CPU
		{B56D6661-B3E3-408D-A237-46BC10644F28}.AppStore|iPhoneSimulator.ActiveCfg = Release|Any CPU
		{B56D6661-B3E3-408D-A237-46BC10644F28}.AppStore|iPhoneSimulator.Build.0 = Release|Any CPU
		{B56D6661-B3E3-408D-A237-46BC10644F28}.AppStore|iPhoneSimulator.Deploy.0 = Release|Any CPU
		{B56D6661-B3E3-408D-A237-46BC10644F28}.AppStore|x64.ActiveCfg = Release|Any CPU
		{B56D6661-B3E3-408D-A237-46BC10644F28}.AppStore|x64.Build.0 = Release|Any CPU
		{B56D6661-B3E3-408D-A237-46BC10644F28}.AppStore|x64.Deploy.0 = Release|Any CPU
		{B56D6661-B3E3-408D-A237-46BC10644F28}.AppStore|x86.ActiveCfg = Release|Any CPU
		{B56D6661-B3E3-408D-A237-46BC10644F28}.AppStore|x86.Build.0 = Release|Any CPU
		{B56D6661-B3E3-408D-A237-46BC10644F28}.AppStore|x86.Deploy.0 = Release|Any CPU
		{B56D6661-B3E3-408D-A237-46BC10644F28}.Debug|Any CPU.ActiveCfg = Debug|Any CPU
		{B56D6661-B3E3-408D-A237-46BC10644F28}.Debug|Any CPU.Build.0 = Debug|Any CPU
		{B56D6661-B3E3-408D-A237-46BC10644F28}.Debug|Any CPU.Deploy.0 = Debug|Any CPU
		{B56D6661-B3E3-408D-A237-46BC10644F28}.Debug|ARM.ActiveCfg = Debug|Any CPU
		{B56D6661-B3E3-408D-A237-46BC10644F28}.Debug|ARM.Build.0 = Debug|Any CPU
		{B56D6661-B3E3-408D-A237-46BC10644F28}.Debug|ARM.Deploy.0 = Debug|Any CPU
		{B56D6661-B3E3-408D-A237-46BC10644F28}.Debug|iPhone.ActiveCfg = Debug|Any CPU
		{B56D6661-B3E3-408D-A237-46BC10644F28}.Debug|iPhone.Build.0 = Debug|Any CPU
		{B56D6661-B3E3-408D-A237-46BC10644F28}.Debug|iPhone.Deploy.0 = Debug|Any CPU
		{B56D6661-B3E3-408D-A237-46BC10644F28}.Debug|iPhoneSimulator.ActiveCfg = Debug|Any CPU
		{B56D6661-B3E3-408D-A237-46BC10644F28}.Debug|iPhoneSimulator.Build.0 = Debug|Any CPU
		{B56D6661-B3E3-408D-A237-46BC10644F28}.Debug|iPhoneSimulator.Deploy.0 = Debug|Any CPU
		{B56D6661-B3E3-408D-A237-46BC10644F28}.Debug|x64.ActiveCfg = Debug|Any CPU
		{B56D6661-B3E3-408D-A237-46BC10644F28}.Debug|x64.Build.0 = Debug|Any CPU
		{B56D6661-B3E3-408D-A237-46BC10644F28}.Debug|x64.Deploy.0 = Debug|Any CPU
		{B56D6661-B3E3-408D-A237-46BC10644F28}.Debug|x86.ActiveCfg = Debug|Any CPU
		{B56D6661-B3E3-408D-A237-46BC10644F28}.Debug|x86.Build.0 = Debug|Any CPU
		{B56D6661-B3E3-408D-A237-46BC10644F28}.Debug|x86.Deploy.0 = Debug|Any CPU
		{B56D6661-B3E3-408D-A237-46BC10644F28}.Release|Any CPU.ActiveCfg = Release|Any CPU
		{B56D6661-B3E3-408D-A237-46BC10644F28}.Release|Any CPU.Build.0 = Release|Any CPU
		{B56D6661-B3E3-408D-A237-46BC10644F28}.Release|Any CPU.Deploy.0 = Release|Any CPU
		{B56D6661-B3E3-408D-A237-46BC10644F28}.Release|ARM.ActiveCfg = Release|Any CPU
		{B56D6661-B3E3-408D-A237-46BC10644F28}.Release|ARM.Build.0 = Release|Any CPU
		{B56D6661-B3E3-408D-A237-46BC10644F28}.Release|ARM.Deploy.0 = Release|Any CPU
		{B56D6661-B3E3-408D-A237-46BC10644F28}.Release|iPhone.ActiveCfg = Release|Any CPU
		{B56D6661-B3E3-408D-A237-46BC10644F28}.Release|iPhone.Build.0 = Release|Any CPU
		{B56D6661-B3E3-408D-A237-46BC10644F28}.Release|iPhone.Deploy.0 = Release|Any CPU
		{B56D6661-B3E3-408D-A237-46BC10644F28}.Release|iPhoneSimulator.ActiveCfg = Release|Any CPU
		{B56D6661-B3E3-408D-A237-46BC10644F28}.Release|iPhoneSimulator.Build.0 = Release|Any CPU
		{B56D6661-B3E3-408D-A237-46BC10644F28}.Release|iPhoneSimulator.Deploy.0 = Release|Any CPU
		{B56D6661-B3E3-408D-A237-46BC10644F28}.Release|x64.ActiveCfg = Release|Any CPU
		{B56D6661-B3E3-408D-A237-46BC10644F28}.Release|x64.Build.0 = Release|Any CPU
		{B56D6661-B3E3-408D-A237-46BC10644F28}.Release|x64.Deploy.0 = Release|Any CPU
		{B56D6661-B3E3-408D-A237-46BC10644F28}.Release|x86.ActiveCfg = Release|Any CPU
		{B56D6661-B3E3-408D-A237-46BC10644F28}.Release|x86.Build.0 = Release|Any CPU
		{B56D6661-B3E3-408D-A237-46BC10644F28}.Release|x86.Deploy.0 = Release|Any CPU
		{A490098A-F63C-48B2-B113-F0E66D8CF00B}.Ad-Hoc|Any CPU.ActiveCfg = Ad-Hoc|iPhone
		{A490098A-F63C-48B2-B113-F0E66D8CF00B}.Ad-Hoc|ARM.ActiveCfg = Ad-Hoc|iPhone
		{A490098A-F63C-48B2-B113-F0E66D8CF00B}.Ad-Hoc|iPhone.ActiveCfg = Ad-Hoc|iPhone
		{A490098A-F63C-48B2-B113-F0E66D8CF00B}.Ad-Hoc|iPhone.Build.0 = Ad-Hoc|iPhone
		{A490098A-F63C-48B2-B113-F0E66D8CF00B}.Ad-Hoc|iPhoneSimulator.ActiveCfg = Ad-Hoc|iPhoneSimulator
		{A490098A-F63C-48B2-B113-F0E66D8CF00B}.Ad-Hoc|iPhoneSimulator.Build.0 = Ad-Hoc|iPhoneSimulator
		{A490098A-F63C-48B2-B113-F0E66D8CF00B}.Ad-Hoc|x64.ActiveCfg = Ad-Hoc|iPhone
		{A490098A-F63C-48B2-B113-F0E66D8CF00B}.Ad-Hoc|x86.ActiveCfg = Ad-Hoc|iPhone
		{A490098A-F63C-48B2-B113-F0E66D8CF00B}.AppStore|Any CPU.ActiveCfg = AppStore|iPhone
		{A490098A-F63C-48B2-B113-F0E66D8CF00B}.AppStore|ARM.ActiveCfg = AppStore|iPhone
		{A490098A-F63C-48B2-B113-F0E66D8CF00B}.AppStore|iPhone.ActiveCfg = AppStore|iPhone
		{A490098A-F63C-48B2-B113-F0E66D8CF00B}.AppStore|iPhone.Build.0 = AppStore|iPhone
		{A490098A-F63C-48B2-B113-F0E66D8CF00B}.AppStore|iPhoneSimulator.ActiveCfg = AppStore|iPhoneSimulator
		{A490098A-F63C-48B2-B113-F0E66D8CF00B}.AppStore|iPhoneSimulator.Build.0 = AppStore|iPhoneSimulator
		{A490098A-F63C-48B2-B113-F0E66D8CF00B}.AppStore|x64.ActiveCfg = AppStore|iPhone
		{A490098A-F63C-48B2-B113-F0E66D8CF00B}.AppStore|x86.ActiveCfg = AppStore|iPhone
		{A490098A-F63C-48B2-B113-F0E66D8CF00B}.Debug|Any CPU.ActiveCfg = Debug|iPhone
		{A490098A-F63C-48B2-B113-F0E66D8CF00B}.Debug|ARM.ActiveCfg = Debug|iPhone
		{A490098A-F63C-48B2-B113-F0E66D8CF00B}.Debug|iPhone.ActiveCfg = Debug|iPhone
		{A490098A-F63C-48B2-B113-F0E66D8CF00B}.Debug|iPhone.Build.0 = Debug|iPhone
		{A490098A-F63C-48B2-B113-F0E66D8CF00B}.Debug|iPhoneSimulator.ActiveCfg = Debug|iPhoneSimulator
		{A490098A-F63C-48B2-B113-F0E66D8CF00B}.Debug|iPhoneSimulator.Build.0 = Debug|iPhoneSimulator
		{A490098A-F63C-48B2-B113-F0E66D8CF00B}.Debug|x64.ActiveCfg = Debug|iPhone
		{A490098A-F63C-48B2-B113-F0E66D8CF00B}.Debug|x86.ActiveCfg = Debug|iPhone
		{A490098A-F63C-48B2-B113-F0E66D8CF00B}.Release|Any CPU.ActiveCfg = Release|iPhone
		{A490098A-F63C-48B2-B113-F0E66D8CF00B}.Release|ARM.ActiveCfg = Release|iPhone
		{A490098A-F63C-48B2-B113-F0E66D8CF00B}.Release|iPhone.ActiveCfg = Release|iPhone
		{A490098A-F63C-48B2-B113-F0E66D8CF00B}.Release|iPhone.Build.0 = Release|iPhone
		{A490098A-F63C-48B2-B113-F0E66D8CF00B}.Release|iPhoneSimulator.ActiveCfg = Release|iPhoneSimulator
		{A490098A-F63C-48B2-B113-F0E66D8CF00B}.Release|iPhoneSimulator.Build.0 = Release|iPhoneSimulator
		{A490098A-F63C-48B2-B113-F0E66D8CF00B}.Release|x64.ActiveCfg = Release|iPhone
		{A490098A-F63C-48B2-B113-F0E66D8CF00B}.Release|x86.ActiveCfg = Release|iPhone
		{EBFB9851-2385-4426-A240-51251803B3FA}.Ad-Hoc|Any CPU.ActiveCfg = Release|Any CPU
		{EBFB9851-2385-4426-A240-51251803B3FA}.Ad-Hoc|Any CPU.Build.0 = Release|Any CPU
		{EBFB9851-2385-4426-A240-51251803B3FA}.Ad-Hoc|Any CPU.Deploy.0 = Release|Any CPU
		{EBFB9851-2385-4426-A240-51251803B3FA}.Ad-Hoc|ARM.ActiveCfg = Release|ARM
		{EBFB9851-2385-4426-A240-51251803B3FA}.Ad-Hoc|ARM.Build.0 = Release|ARM
		{EBFB9851-2385-4426-A240-51251803B3FA}.Ad-Hoc|ARM.Deploy.0 = Release|ARM
		{EBFB9851-2385-4426-A240-51251803B3FA}.Ad-Hoc|iPhone.ActiveCfg = Release|Any CPU
		{EBFB9851-2385-4426-A240-51251803B3FA}.Ad-Hoc|iPhone.Build.0 = Release|Any CPU
		{EBFB9851-2385-4426-A240-51251803B3FA}.Ad-Hoc|iPhone.Deploy.0 = Release|Any CPU
		{EBFB9851-2385-4426-A240-51251803B3FA}.Ad-Hoc|iPhoneSimulator.ActiveCfg = Release|Any CPU
		{EBFB9851-2385-4426-A240-51251803B3FA}.Ad-Hoc|iPhoneSimulator.Build.0 = Release|Any CPU
		{EBFB9851-2385-4426-A240-51251803B3FA}.Ad-Hoc|iPhoneSimulator.Deploy.0 = Release|Any CPU
		{EBFB9851-2385-4426-A240-51251803B3FA}.Ad-Hoc|x64.ActiveCfg = Release|Any CPU
		{EBFB9851-2385-4426-A240-51251803B3FA}.Ad-Hoc|x64.Build.0 = Release|Any CPU
		{EBFB9851-2385-4426-A240-51251803B3FA}.Ad-Hoc|x64.Deploy.0 = Release|Any CPU
		{EBFB9851-2385-4426-A240-51251803B3FA}.Ad-Hoc|x86.ActiveCfg = Release|x86
		{EBFB9851-2385-4426-A240-51251803B3FA}.Ad-Hoc|x86.Build.0 = Release|x86
		{EBFB9851-2385-4426-A240-51251803B3FA}.Ad-Hoc|x86.Deploy.0 = Release|x86
		{EBFB9851-2385-4426-A240-51251803B3FA}.AppStore|Any CPU.ActiveCfg = Release|Any CPU
		{EBFB9851-2385-4426-A240-51251803B3FA}.AppStore|Any CPU.Build.0 = Release|Any CPU
		{EBFB9851-2385-4426-A240-51251803B3FA}.AppStore|Any CPU.Deploy.0 = Release|Any CPU
		{EBFB9851-2385-4426-A240-51251803B3FA}.AppStore|ARM.ActiveCfg = Release|ARM
		{EBFB9851-2385-4426-A240-51251803B3FA}.AppStore|ARM.Build.0 = Release|ARM
		{EBFB9851-2385-4426-A240-51251803B3FA}.AppStore|ARM.Deploy.0 = Release|ARM
		{EBFB9851-2385-4426-A240-51251803B3FA}.AppStore|iPhone.ActiveCfg = Release|Any CPU
		{EBFB9851-2385-4426-A240-51251803B3FA}.AppStore|iPhone.Build.0 = Release|Any CPU
		{EBFB9851-2385-4426-A240-51251803B3FA}.AppStore|iPhone.Deploy.0 = Release|Any CPU
		{EBFB9851-2385-4426-A240-51251803B3FA}.AppStore|iPhoneSimulator.ActiveCfg = Release|Any CPU
		{EBFB9851-2385-4426-A240-51251803B3FA}.AppStore|iPhoneSimulator.Build.0 = Release|Any CPU
		{EBFB9851-2385-4426-A240-51251803B3FA}.AppStore|iPhoneSimulator.Deploy.0 = Release|Any CPU
		{EBFB9851-2385-4426-A240-51251803B3FA}.AppStore|x64.ActiveCfg = Release|Any CPU
		{EBFB9851-2385-4426-A240-51251803B3FA}.AppStore|x64.Build.0 = Release|Any CPU
		{EBFB9851-2385-4426-A240-51251803B3FA}.AppStore|x64.Deploy.0 = Release|Any CPU
		{EBFB9851-2385-4426-A240-51251803B3FA}.AppStore|x86.ActiveCfg = Release|x86
		{EBFB9851-2385-4426-A240-51251803B3FA}.AppStore|x86.Build.0 = Release|x86
		{EBFB9851-2385-4426-A240-51251803B3FA}.AppStore|x86.Deploy.0 = Release|x86
		{EBFB9851-2385-4426-A240-51251803B3FA}.Debug|Any CPU.ActiveCfg = Debug|Any CPU
		{EBFB9851-2385-4426-A240-51251803B3FA}.Debug|Any CPU.Build.0 = Debug|Any CPU
		{EBFB9851-2385-4426-A240-51251803B3FA}.Debug|Any CPU.Deploy.0 = Debug|Any CPU
		{EBFB9851-2385-4426-A240-51251803B3FA}.Debug|ARM.ActiveCfg = Debug|ARM
		{EBFB9851-2385-4426-A240-51251803B3FA}.Debug|ARM.Build.0 = Debug|ARM
		{EBFB9851-2385-4426-A240-51251803B3FA}.Debug|ARM.Deploy.0 = Debug|ARM
		{EBFB9851-2385-4426-A240-51251803B3FA}.Debug|iPhone.ActiveCfg = Debug|Any CPU
		{EBFB9851-2385-4426-A240-51251803B3FA}.Debug|iPhone.Build.0 = Debug|Any CPU
		{EBFB9851-2385-4426-A240-51251803B3FA}.Debug|iPhone.Deploy.0 = Debug|Any CPU
		{EBFB9851-2385-4426-A240-51251803B3FA}.Debug|iPhoneSimulator.ActiveCfg = Debug|Any CPU
		{EBFB9851-2385-4426-A240-51251803B3FA}.Debug|iPhoneSimulator.Build.0 = Debug|Any CPU
		{EBFB9851-2385-4426-A240-51251803B3FA}.Debug|iPhoneSimulator.Deploy.0 = Debug|Any CPU
		{EBFB9851-2385-4426-A240-51251803B3FA}.Debug|x64.ActiveCfg = Debug|Any CPU
		{EBFB9851-2385-4426-A240-51251803B3FA}.Debug|x64.Build.0 = Debug|Any CPU
		{EBFB9851-2385-4426-A240-51251803B3FA}.Debug|x64.Deploy.0 = Debug|Any CPU
		{EBFB9851-2385-4426-A240-51251803B3FA}.Debug|x86.ActiveCfg = Debug|x86
		{EBFB9851-2385-4426-A240-51251803B3FA}.Debug|x86.Build.0 = Debug|x86
		{EBFB9851-2385-4426-A240-51251803B3FA}.Debug|x86.Deploy.0 = Debug|x86
		{EBFB9851-2385-4426-A240-51251803B3FA}.Release|Any CPU.ActiveCfg = Release|Any CPU
		{EBFB9851-2385-4426-A240-51251803B3FA}.Release|Any CPU.Build.0 = Release|Any CPU
		{EBFB9851-2385-4426-A240-51251803B3FA}.Release|Any CPU.Deploy.0 = Release|Any CPU
		{EBFB9851-2385-4426-A240-51251803B3FA}.Release|ARM.ActiveCfg = Release|ARM
		{EBFB9851-2385-4426-A240-51251803B3FA}.Release|ARM.Build.0 = Release|ARM
		{EBFB9851-2385-4426-A240-51251803B3FA}.Release|ARM.Deploy.0 = Release|ARM
		{EBFB9851-2385-4426-A240-51251803B3FA}.Release|iPhone.ActiveCfg = Release|Any CPU
		{EBFB9851-2385-4426-A240-51251803B3FA}.Release|iPhone.Build.0 = Release|Any CPU
		{EBFB9851-2385-4426-A240-51251803B3FA}.Release|iPhone.Deploy.0 = Release|Any CPU
		{EBFB9851-2385-4426-A240-51251803B3FA}.Release|iPhoneSimulator.ActiveCfg = Release|Any CPU
		{EBFB9851-2385-4426-A240-51251803B3FA}.Release|iPhoneSimulator.Build.0 = Release|Any CPU
		{EBFB9851-2385-4426-A240-51251803B3FA}.Release|iPhoneSimulator.Deploy.0 = Release|Any CPU
		{EBFB9851-2385-4426-A240-51251803B3FA}.Release|x64.ActiveCfg = Release|Any CPU
		{EBFB9851-2385-4426-A240-51251803B3FA}.Release|x64.Build.0 = Release|Any CPU
		{EBFB9851-2385-4426-A240-51251803B3FA}.Release|x64.Deploy.0 = Release|Any CPU
		{EBFB9851-2385-4426-A240-51251803B3FA}.Release|x86.ActiveCfg = Release|x86
		{EBFB9851-2385-4426-A240-51251803B3FA}.Release|x86.Build.0 = Release|x86
		{EBFB9851-2385-4426-A240-51251803B3FA}.Release|x86.Deploy.0 = Release|x86
		{31F5C85D-8ACF-436E-AC9A-06B73870DA54}.Ad-Hoc|Any CPU.ActiveCfg = Release|x86
		{31F5C85D-8ACF-436E-AC9A-06B73870DA54}.Ad-Hoc|Any CPU.Build.0 = Release|x86
		{31F5C85D-8ACF-436E-AC9A-06B73870DA54}.Ad-Hoc|Any CPU.Deploy.0 = Release|x86
		{31F5C85D-8ACF-436E-AC9A-06B73870DA54}.Ad-Hoc|ARM.ActiveCfg = Release|ARM
		{31F5C85D-8ACF-436E-AC9A-06B73870DA54}.Ad-Hoc|ARM.Build.0 = Release|ARM
		{31F5C85D-8ACF-436E-AC9A-06B73870DA54}.Ad-Hoc|ARM.Deploy.0 = Release|ARM
		{31F5C85D-8ACF-436E-AC9A-06B73870DA54}.Ad-Hoc|iPhone.ActiveCfg = Release|x86
		{31F5C85D-8ACF-436E-AC9A-06B73870DA54}.Ad-Hoc|iPhone.Build.0 = Release|x86
		{31F5C85D-8ACF-436E-AC9A-06B73870DA54}.Ad-Hoc|iPhone.Deploy.0 = Release|x86
		{31F5C85D-8ACF-436E-AC9A-06B73870DA54}.Ad-Hoc|iPhoneSimulator.ActiveCfg = Release|x86
		{31F5C85D-8ACF-436E-AC9A-06B73870DA54}.Ad-Hoc|iPhoneSimulator.Build.0 = Release|x86
		{31F5C85D-8ACF-436E-AC9A-06B73870DA54}.Ad-Hoc|iPhoneSimulator.Deploy.0 = Release|x86
		{31F5C85D-8ACF-436E-AC9A-06B73870DA54}.Ad-Hoc|x64.ActiveCfg = Release|x64
		{31F5C85D-8ACF-436E-AC9A-06B73870DA54}.Ad-Hoc|x64.Build.0 = Release|x64
		{31F5C85D-8ACF-436E-AC9A-06B73870DA54}.Ad-Hoc|x64.Deploy.0 = Release|x64
		{31F5C85D-8ACF-436E-AC9A-06B73870DA54}.Ad-Hoc|x86.ActiveCfg = Release|x86
		{31F5C85D-8ACF-436E-AC9A-06B73870DA54}.Ad-Hoc|x86.Build.0 = Release|x86
		{31F5C85D-8ACF-436E-AC9A-06B73870DA54}.Ad-Hoc|x86.Deploy.0 = Release|x86
		{31F5C85D-8ACF-436E-AC9A-06B73870DA54}.AppStore|Any CPU.ActiveCfg = Release|x86
		{31F5C85D-8ACF-436E-AC9A-06B73870DA54}.AppStore|Any CPU.Build.0 = Release|x86
		{31F5C85D-8ACF-436E-AC9A-06B73870DA54}.AppStore|Any CPU.Deploy.0 = Release|x86
		{31F5C85D-8ACF-436E-AC9A-06B73870DA54}.AppStore|ARM.ActiveCfg = Release|ARM
		{31F5C85D-8ACF-436E-AC9A-06B73870DA54}.AppStore|ARM.Build.0 = Release|ARM
		{31F5C85D-8ACF-436E-AC9A-06B73870DA54}.AppStore|ARM.Deploy.0 = Release|ARM
		{31F5C85D-8ACF-436E-AC9A-06B73870DA54}.AppStore|iPhone.ActiveCfg = Release|x86
		{31F5C85D-8ACF-436E-AC9A-06B73870DA54}.AppStore|iPhone.Build.0 = Release|x86
		{31F5C85D-8ACF-436E-AC9A-06B73870DA54}.AppStore|iPhone.Deploy.0 = Release|x86
		{31F5C85D-8ACF-436E-AC9A-06B73870DA54}.AppStore|iPhoneSimulator.ActiveCfg = Release|x86
		{31F5C85D-8ACF-436E-AC9A-06B73870DA54}.AppStore|iPhoneSimulator.Build.0 = Release|x86
		{31F5C85D-8ACF-436E-AC9A-06B73870DA54}.AppStore|iPhoneSimulator.Deploy.0 = Release|x86
		{31F5C85D-8ACF-436E-AC9A-06B73870DA54}.AppStore|x64.ActiveCfg = Release|x64
		{31F5C85D-8ACF-436E-AC9A-06B73870DA54}.AppStore|x64.Build.0 = Release|x64
		{31F5C85D-8ACF-436E-AC9A-06B73870DA54}.AppStore|x64.Deploy.0 = Release|x64
		{31F5C85D-8ACF-436E-AC9A-06B73870DA54}.AppStore|x86.ActiveCfg = Release|x86
		{31F5C85D-8ACF-436E-AC9A-06B73870DA54}.AppStore|x86.Build.0 = Release|x86
		{31F5C85D-8ACF-436E-AC9A-06B73870DA54}.AppStore|x86.Deploy.0 = Release|x86
		{31F5C85D-8ACF-436E-AC9A-06B73870DA54}.Debug|Any CPU.ActiveCfg = Debug|x86
		{31F5C85D-8ACF-436E-AC9A-06B73870DA54}.Debug|ARM.ActiveCfg = Debug|ARM
		{31F5C85D-8ACF-436E-AC9A-06B73870DA54}.Debug|ARM.Build.0 = Debug|ARM
		{31F5C85D-8ACF-436E-AC9A-06B73870DA54}.Debug|ARM.Deploy.0 = Debug|ARM
		{31F5C85D-8ACF-436E-AC9A-06B73870DA54}.Debug|iPhone.ActiveCfg = Debug|x86
		{31F5C85D-8ACF-436E-AC9A-06B73870DA54}.Debug|iPhoneSimulator.ActiveCfg = Debug|x86
		{31F5C85D-8ACF-436E-AC9A-06B73870DA54}.Debug|x64.ActiveCfg = Debug|x64
		{31F5C85D-8ACF-436E-AC9A-06B73870DA54}.Debug|x64.Build.0 = Debug|x64
		{31F5C85D-8ACF-436E-AC9A-06B73870DA54}.Debug|x64.Deploy.0 = Debug|x64
		{31F5C85D-8ACF-436E-AC9A-06B73870DA54}.Debug|x86.ActiveCfg = Debug|x86
		{31F5C85D-8ACF-436E-AC9A-06B73870DA54}.Debug|x86.Build.0 = Debug|x86
		{31F5C85D-8ACF-436E-AC9A-06B73870DA54}.Debug|x86.Deploy.0 = Debug|x86
		{31F5C85D-8ACF-436E-AC9A-06B73870DA54}.Release|Any CPU.ActiveCfg = Release|x86
		{31F5C85D-8ACF-436E-AC9A-06B73870DA54}.Release|ARM.ActiveCfg = Release|ARM
		{31F5C85D-8ACF-436E-AC9A-06B73870DA54}.Release|ARM.Build.0 = Release|ARM
		{31F5C85D-8ACF-436E-AC9A-06B73870DA54}.Release|ARM.Deploy.0 = Release|ARM
		{31F5C85D-8ACF-436E-AC9A-06B73870DA54}.Release|iPhone.ActiveCfg = Release|x86
		{31F5C85D-8ACF-436E-AC9A-06B73870DA54}.Release|iPhoneSimulator.ActiveCfg = Release|x86
		{31F5C85D-8ACF-436E-AC9A-06B73870DA54}.Release|x64.ActiveCfg = Release|x64
		{31F5C85D-8ACF-436E-AC9A-06B73870DA54}.Release|x64.Build.0 = Release|x64
		{31F5C85D-8ACF-436E-AC9A-06B73870DA54}.Release|x64.Deploy.0 = Release|x64
		{31F5C85D-8ACF-436E-AC9A-06B73870DA54}.Release|x86.ActiveCfg = Release|x86
		{31F5C85D-8ACF-436E-AC9A-06B73870DA54}.Release|x86.Build.0 = Release|x86
		{31F5C85D-8ACF-436E-AC9A-06B73870DA54}.Release|x86.Deploy.0 = Release|x86
		{D151AF2F-E43B-4D7D-A1CE-9A1CFC9BFD0D}.Ad-Hoc|Any CPU.ActiveCfg = Release|Any CPU
		{D151AF2F-E43B-4D7D-A1CE-9A1CFC9BFD0D}.Ad-Hoc|Any CPU.Build.0 = Release|Any CPU
		{D151AF2F-E43B-4D7D-A1CE-9A1CFC9BFD0D}.Ad-Hoc|Any CPU.Deploy.0 = Release|Any CPU
		{D151AF2F-E43B-4D7D-A1CE-9A1CFC9BFD0D}.Ad-Hoc|ARM.ActiveCfg = Release|ARM
		{D151AF2F-E43B-4D7D-A1CE-9A1CFC9BFD0D}.Ad-Hoc|ARM.Build.0 = Release|ARM
		{D151AF2F-E43B-4D7D-A1CE-9A1CFC9BFD0D}.Ad-Hoc|ARM.Deploy.0 = Release|ARM
		{D151AF2F-E43B-4D7D-A1CE-9A1CFC9BFD0D}.Ad-Hoc|iPhone.ActiveCfg = Release|Any CPU
		{D151AF2F-E43B-4D7D-A1CE-9A1CFC9BFD0D}.Ad-Hoc|iPhone.Build.0 = Release|Any CPU
		{D151AF2F-E43B-4D7D-A1CE-9A1CFC9BFD0D}.Ad-Hoc|iPhone.Deploy.0 = Release|Any CPU
		{D151AF2F-E43B-4D7D-A1CE-9A1CFC9BFD0D}.Ad-Hoc|iPhoneSimulator.ActiveCfg = Release|Any CPU
		{D151AF2F-E43B-4D7D-A1CE-9A1CFC9BFD0D}.Ad-Hoc|iPhoneSimulator.Build.0 = Release|Any CPU
		{D151AF2F-E43B-4D7D-A1CE-9A1CFC9BFD0D}.Ad-Hoc|iPhoneSimulator.Deploy.0 = Release|Any CPU
		{D151AF2F-E43B-4D7D-A1CE-9A1CFC9BFD0D}.Ad-Hoc|x64.ActiveCfg = Release|x64
		{D151AF2F-E43B-4D7D-A1CE-9A1CFC9BFD0D}.Ad-Hoc|x64.Build.0 = Release|x64
		{D151AF2F-E43B-4D7D-A1CE-9A1CFC9BFD0D}.Ad-Hoc|x64.Deploy.0 = Release|x64
		{D151AF2F-E43B-4D7D-A1CE-9A1CFC9BFD0D}.Ad-Hoc|x86.ActiveCfg = Release|x86
		{D151AF2F-E43B-4D7D-A1CE-9A1CFC9BFD0D}.Ad-Hoc|x86.Build.0 = Release|x86
		{D151AF2F-E43B-4D7D-A1CE-9A1CFC9BFD0D}.Ad-Hoc|x86.Deploy.0 = Release|x86
		{D151AF2F-E43B-4D7D-A1CE-9A1CFC9BFD0D}.AppStore|Any CPU.ActiveCfg = Release|Any CPU
		{D151AF2F-E43B-4D7D-A1CE-9A1CFC9BFD0D}.AppStore|Any CPU.Build.0 = Release|Any CPU
		{D151AF2F-E43B-4D7D-A1CE-9A1CFC9BFD0D}.AppStore|Any CPU.Deploy.0 = Release|Any CPU
		{D151AF2F-E43B-4D7D-A1CE-9A1CFC9BFD0D}.AppStore|ARM.ActiveCfg = Release|ARM
		{D151AF2F-E43B-4D7D-A1CE-9A1CFC9BFD0D}.AppStore|ARM.Build.0 = Release|ARM
		{D151AF2F-E43B-4D7D-A1CE-9A1CFC9BFD0D}.AppStore|ARM.Deploy.0 = Release|ARM
		{D151AF2F-E43B-4D7D-A1CE-9A1CFC9BFD0D}.AppStore|iPhone.ActiveCfg = Release|Any CPU
		{D151AF2F-E43B-4D7D-A1CE-9A1CFC9BFD0D}.AppStore|iPhone.Build.0 = Release|Any CPU
		{D151AF2F-E43B-4D7D-A1CE-9A1CFC9BFD0D}.AppStore|iPhone.Deploy.0 = Release|Any CPU
		{D151AF2F-E43B-4D7D-A1CE-9A1CFC9BFD0D}.AppStore|iPhoneSimulator.ActiveCfg = Release|Any CPU
		{D151AF2F-E43B-4D7D-A1CE-9A1CFC9BFD0D}.AppStore|iPhoneSimulator.Build.0 = Release|Any CPU
		{D151AF2F-E43B-4D7D-A1CE-9A1CFC9BFD0D}.AppStore|iPhoneSimulator.Deploy.0 = Release|Any CPU
		{D151AF2F-E43B-4D7D-A1CE-9A1CFC9BFD0D}.AppStore|x64.ActiveCfg = Release|x64
		{D151AF2F-E43B-4D7D-A1CE-9A1CFC9BFD0D}.AppStore|x64.Build.0 = Release|x64
		{D151AF2F-E43B-4D7D-A1CE-9A1CFC9BFD0D}.AppStore|x64.Deploy.0 = Release|x64
		{D151AF2F-E43B-4D7D-A1CE-9A1CFC9BFD0D}.AppStore|x86.ActiveCfg = Release|x86
		{D151AF2F-E43B-4D7D-A1CE-9A1CFC9BFD0D}.AppStore|x86.Build.0 = Release|x86
		{D151AF2F-E43B-4D7D-A1CE-9A1CFC9BFD0D}.AppStore|x86.Deploy.0 = Release|x86
		{D151AF2F-E43B-4D7D-A1CE-9A1CFC9BFD0D}.Debug|Any CPU.ActiveCfg = Debug|Any CPU
		{D151AF2F-E43B-4D7D-A1CE-9A1CFC9BFD0D}.Debug|Any CPU.Build.0 = Debug|Any CPU
		{D151AF2F-E43B-4D7D-A1CE-9A1CFC9BFD0D}.Debug|Any CPU.Deploy.0 = Debug|Any CPU
		{D151AF2F-E43B-4D7D-A1CE-9A1CFC9BFD0D}.Debug|ARM.ActiveCfg = Debug|ARM
		{D151AF2F-E43B-4D7D-A1CE-9A1CFC9BFD0D}.Debug|ARM.Build.0 = Debug|ARM
		{D151AF2F-E43B-4D7D-A1CE-9A1CFC9BFD0D}.Debug|ARM.Deploy.0 = Debug|ARM
		{D151AF2F-E43B-4D7D-A1CE-9A1CFC9BFD0D}.Debug|iPhone.ActiveCfg = Debug|Any CPU
		{D151AF2F-E43B-4D7D-A1CE-9A1CFC9BFD0D}.Debug|iPhone.Build.0 = Debug|Any CPU
		{D151AF2F-E43B-4D7D-A1CE-9A1CFC9BFD0D}.Debug|iPhone.Deploy.0 = Debug|Any CPU
		{D151AF2F-E43B-4D7D-A1CE-9A1CFC9BFD0D}.Debug|iPhoneSimulator.ActiveCfg = Debug|Any CPU
		{D151AF2F-E43B-4D7D-A1CE-9A1CFC9BFD0D}.Debug|iPhoneSimulator.Build.0 = Debug|Any CPU
		{D151AF2F-E43B-4D7D-A1CE-9A1CFC9BFD0D}.Debug|iPhoneSimulator.Deploy.0 = Debug|Any CPU
		{D151AF2F-E43B-4D7D-A1CE-9A1CFC9BFD0D}.Debug|x64.ActiveCfg = Debug|x64
		{D151AF2F-E43B-4D7D-A1CE-9A1CFC9BFD0D}.Debug|x64.Build.0 = Debug|x64
		{D151AF2F-E43B-4D7D-A1CE-9A1CFC9BFD0D}.Debug|x64.Deploy.0 = Debug|x64
		{D151AF2F-E43B-4D7D-A1CE-9A1CFC9BFD0D}.Debug|x86.ActiveCfg = Debug|x86
		{D151AF2F-E43B-4D7D-A1CE-9A1CFC9BFD0D}.Debug|x86.Build.0 = Debug|x86
		{D151AF2F-E43B-4D7D-A1CE-9A1CFC9BFD0D}.Debug|x86.Deploy.0 = Debug|x86
		{D151AF2F-E43B-4D7D-A1CE-9A1CFC9BFD0D}.Release|Any CPU.ActiveCfg = Release|Any CPU
		{D151AF2F-E43B-4D7D-A1CE-9A1CFC9BFD0D}.Release|Any CPU.Build.0 = Release|Any CPU
		{D151AF2F-E43B-4D7D-A1CE-9A1CFC9BFD0D}.Release|Any CPU.Deploy.0 = Release|Any CPU
		{D151AF2F-E43B-4D7D-A1CE-9A1CFC9BFD0D}.Release|ARM.ActiveCfg = Release|ARM
		{D151AF2F-E43B-4D7D-A1CE-9A1CFC9BFD0D}.Release|ARM.Build.0 = Release|ARM
		{D151AF2F-E43B-4D7D-A1CE-9A1CFC9BFD0D}.Release|ARM.Deploy.0 = Release|ARM
		{D151AF2F-E43B-4D7D-A1CE-9A1CFC9BFD0D}.Release|iPhone.ActiveCfg = Release|Any CPU
		{D151AF2F-E43B-4D7D-A1CE-9A1CFC9BFD0D}.Release|iPhone.Build.0 = Release|Any CPU
		{D151AF2F-E43B-4D7D-A1CE-9A1CFC9BFD0D}.Release|iPhone.Deploy.0 = Release|Any CPU
		{D151AF2F-E43B-4D7D-A1CE-9A1CFC9BFD0D}.Release|iPhoneSimulator.ActiveCfg = Release|Any CPU
		{D151AF2F-E43B-4D7D-A1CE-9A1CFC9BFD0D}.Release|iPhoneSimulator.Build.0 = Release|Any CPU
		{D151AF2F-E43B-4D7D-A1CE-9A1CFC9BFD0D}.Release|iPhoneSimulator.Deploy.0 = Release|Any CPU
		{D151AF2F-E43B-4D7D-A1CE-9A1CFC9BFD0D}.Release|x64.ActiveCfg = Release|x64
		{D151AF2F-E43B-4D7D-A1CE-9A1CFC9BFD0D}.Release|x64.Build.0 = Release|x64
		{D151AF2F-E43B-4D7D-A1CE-9A1CFC9BFD0D}.Release|x64.Deploy.0 = Release|x64
		{D151AF2F-E43B-4D7D-A1CE-9A1CFC9BFD0D}.Release|x86.ActiveCfg = Release|x86
		{D151AF2F-E43B-4D7D-A1CE-9A1CFC9BFD0D}.Release|x86.Build.0 = Release|x86
		{D151AF2F-E43B-4D7D-A1CE-9A1CFC9BFD0D}.Release|x86.Deploy.0 = Release|x86
	EndGlobalSection
	GlobalSection(SolutionProperties) = preSolution
		HideSolutionNode = FALSE
	EndGlobalSection
EndGlobal
